schema: '2.0'
stages:
  data_ingestion:
    cmd: python src/cnnClassifier/pipeline/stage_01_data_ingestion.py
    deps:
    - path: config/config.yaml
      hash: md5
      md5: a0f200d245a893fdc7ea38b792f141ca
      size: 807
    - path: src/cnnClassifier/pipeline/stage_01_data_ingestion.py
      hash: md5
      md5: c9bd2cf4581378bbc4b6a870a990c3f7
      size: 881
    outs:
    - path: artifacts/data_ingestion/Chicken-fecal-images
      hash: md5
      md5: 9e1f8dd2eae3c29e9d635df89d438ae4.dir
      size: 12207807
      nfiles: 390
  prepare_base_model:
    cmd: python src/cnnClassifier/pipeline/stage_02_prepare_base_model.py
    deps:
    - path: config/config.yaml
      hash: md5
      md5: a0f200d245a893fdc7ea38b792f141ca
      size: 807
    - path: src/cnnClassifier/pipeline/stage_02_prepare_base_model.py
      hash: md5
      md5: 7470e52e0b4219ccf7deb432b72d0e26
      size: 978
    params:
      params.yaml:
        CLASSES: 2
        IMAGE_SIZE:
        - 224
        - 224
        - 3
        INCLUDE_TOP: false
        LEARNING_RATE: 0.01
        WEIGHTS: imagenet
    outs:
    - path: artifacts/prepare_base_model
      hash: md5
      md5: f43a122599c82a761ea692fdc9408b26.dir
      size: 118059248
      nfiles: 2
  training:
    cmd: python src/cnnClassifier/pipeline/stage_03_training.py
    deps:
    - path: artifacts/data_ingestion/Chicken-fecal-images
      hash: md5
      md5: 9e1f8dd2eae3c29e9d635df89d438ae4.dir
      size: 12207807
      nfiles: 390
    - path: artifacts/prepare_base_model
      hash: md5
      md5: f43a122599c82a761ea692fdc9408b26.dir
      size: 118059248
      nfiles: 2
    - path: config/config.yaml
      hash: md5
      md5: a0f200d245a893fdc7ea38b792f141ca
      size: 807
    - path: src/cnnClassifier/pipeline/stage_03_training.py
      hash: md5
      md5: 0d19ff951dbc7ae5caf514e0332cd0c9
      size: 1168
    params:
      params.yaml:
        AUGMENTATION: true
        BATCH_SIZE: 16
        EPOCHS: 1
        IMAGE_SIZE:
        - 224
        - 224
        - 3
    outs:
    - path: artifacts/training/model.h5
      hash: md5
      md5: b12075d48a6ff21d6b3a0c7261a1c89d
      size: 59340720
  evaluation:
    cmd: python src/cnnClassifier/pipeline/stage_04_evaluation.py
    deps:
    - path: artifacts/data_ingestion/Chicken-fecal-images
      hash: md5
      md5: 9e1f8dd2eae3c29e9d635df89d438ae4.dir
      size: 12207807
      nfiles: 390
    - path: artifacts/training/model.h5
      hash: md5
      md5: b12075d48a6ff21d6b3a0c7261a1c89d
      size: 59340720
    - path: config/config.yaml
      hash: md5
      md5: a0f200d245a893fdc7ea38b792f141ca
      size: 807
    - path: src/cnnClassifier/pipeline/stage_04_evaluation.py
      hash: md5
      md5: e569713b5a1ba6ecfe10bd9f1df90d5f
      size: 783
    params:
      params.yaml:
        BATCH_SIZE: 16
        IMAGE_SIZE:
        - 224
        - 224
        - 3
    outs:
    - path: scores.json
      hash: md5
      md5: 5bda86e3ac9eadc2793a56eac1e6eb81
      size: 72
